
Microsoft Visual Studio Solution File, Format Version 12.00
# Visual Studio Version 17
VisualStudioVersion = 17.1.32210.238
MinimumVisualStudioVersion = 10.0.40219.1
Project("{FAE04EC0-301F-11D3-BF4B-00C04F79EFBC}") = "SimpleCalculator", "SimpleCalculator\SimpleCalculator.csproj", "{D4446BCA-31B7-4A25-B5AE-4CB75A6CB9D7}"
EndProject
Global
	GlobalSection(SolutionConfigurationPlatforms) = preSolution
		Debug|Any CPU = Debug|Any CPU
		Release|Any CPU = Release|Any CPU
	EndGlobalSection
	GlobalSection(ProjectConfigurationPlatforms) = postSolution
		{D4446BCA-31B7-4A25-B5AE-4CB75A6CB9D7}.Debug|Any CPU.ActiveCfg = Debug|Any CPU
		{D4446BCA-31B7-4A25-B5AE-4CB75A6CB9D7}.Debug|Any CPU.Build.0 = Debug|Any CPU
		{D4446BCA-31B7-4A25-B5AE-4CB75A6CB9D7}.Release|Any CPU.ActiveCfg = Release|Any CPU
		{D4446BCA-31B7-4A25-B5AE-4CB75A6CB9D7}.Release|Any CPU.Build.0 = Release|Any CPU
	EndGlobalSection
	GlobalSection(SolutionProperties) = preSolution
		HideSolutionNode = FALSE
	EndGlobalSection
	GlobalSection(ExtensibilityGlobals) = postSolution
		SolutionGuid = {03618482-EF91-49B9-B900-3901BD5C1206}
	EndGlobalSection
EndGlobal
